<?xml version="1.0" encoding="utf-8"?>
<Project ToolsVersion="4.0" xmlns="http://schemas.microsoft.com/developer/msbuild/2003">
  <ItemGroup>
    <ClCompile Include="Main.cpp" />
    <ClCompile Include="CApplication.cpp" />
    <ClCompile Include="CViewerState.cpp" />
    <ClCompile Include="shark\Model.cpp">
      <Filter>Shark</Filter>
    </ClCompile>
    <ClCompile Include="shark\SharkSceneObject.cpp">
      <Filter>Shark</Filter>
    </ClCompile>
    <ClCompile Include="shark\SharkSpineOscilator.cpp">
      <Filter>Shark</Filter>
    </ClCompile>
    <ClCompile Include="shark\SkeletalAnimation.cpp">
      <Filter>Shark</Filter>
    </ClCompile>
    <ClCompile Include="shark\Skeleton.cpp">
      <Filter>Shark</Filter>
    </ClCompile>
    <ClCompile Include="shark\Transform.cpp">
      <Filter>Shark</Filter>
    </ClCompile>
    <ClCompile Include="CDataManager.cpp">
      <Filter>Data Management</Filter>
    </ClCompile>
    <ClCompile Include="CDataSet.cpp">
      <Filter>Data Management</Filter>
    </ClCompile>
    <ClCompile Include="CParticleSystem.cpp">
      <Filter>SceneObjects</Filter>
    </ClCompile>
    <ClCompile Include="CVolumeSceneObject.cpp">
      <Filter>SceneObjects</Filter>
    </ClCompile>
    <ClCompile Include="CWaterSurfaceSceneObject.cpp">
      <Filter>SceneObjects</Filter>
    </ClCompile>
    <ClCompile Include="CWindowWidget.cpp">
      <Filter>Widgets</Filter>
    </ClCompile>
    <ClCompile Include="ColorTable.cpp" />
    <ClCompile Include="CBathymetryRasterizer.cpp" />
    <ClCompile Include="LoadOxymapsCSVData.cpp">
      <Filter>Data Management</Filter>
    </ClCompile>
    <ClCompile Include="LoadPointsFromXYZTxt.cpp">
      <Filter>Data Management</Filter>
    </ClCompile>
    <ClCompile Include="UTMtoLatLong.cpp">
      <Filter>Data Management</Filter>
    </ClCompile>
    <ClCompile Include="LoadPointsFromESRIASCII.cpp">
      <Filter>Data Management</Filter>
    </ClCompile>
    <ClCompile Include="spline\CSplineSceneObject.cpp">
      <Filter>Spline</Filter>
    </ClCompile>
    <ClCompile Include="spline\CKeySpline.cpp">
      <Filter>Spline</Filter>
    </ClCompile>
    <ClCompile Include="CGeometryClipmapsSceneObject.cpp">
      <Filter>SceneObjects</Filter>
    </ClCompile>
    <ClCompile Include="CGeometryClipmapsSceneObject.SLayer.cpp">
      <Filter>SceneObjects</Filter>
    </ClCompile>
    <ClCompile Include="CToroidalUpdater.cpp">
      <Filter>SceneObjects</Filter>
    </ClCompile>
  </ItemGroup>
  <ItemGroup>
    <ClInclude Include="CApplication.h" />
    <ClInclude Include="CViewerState.h" />
    <ClInclude Include="shark\Model.h">
      <Filter>Shark</Filter>
    </ClInclude>
    <ClInclude Include="shark\SharkSceneObject.h">
      <Filter>Shark</Filter>
    </ClInclude>
    <ClInclude Include="shark\SharkSpineOscilator.h">
      <Filter>Shark</Filter>
    </ClInclude>
    <ClInclude Include="shark\SkeletalAnimation.h">
      <Filter>Shark</Filter>
    </ClInclude>
    <ClInclude Include="shark\Skeleton.h">
      <Filter>Shark</Filter>
    </ClInclude>
    <ClInclude Include="shark\Transform.h">
      <Filter>Shark</Filter>
    </ClInclude>
    <ClInclude Include="shark\VertexBoneData.h">
      <Filter>Shark</Filter>
    </ClInclude>
    <ClInclude Include="CDataSet.h">
      <Filter>Data Management</Filter>
    </ClInclude>
    <ClInclude Include="CDataLoader.h">
      <Filter>Data Management</Filter>
    </ClInclude>
    <ClInclude Include="CDataLoaderCSV.h">
      <Filter>Data Management</Filter>
    </ClInclude>
    <ClInclude Include="CDataManager.h">
      <Filter>Data Management</Filter>
    </ClInclude>
    <ClInclude Include="CDebugWindowWidget.h">
      <Filter>Widgets</Filter>
    </ClInclude>
    <ClInclude Include="CCameraWindowWidget.h">
      <Filter>Widgets</Filter>
    </ClInclude>
    <ClInclude Include="CParticleSystem.h">
      <Filter>SceneObjects</Filter>
    </ClInclude>
    <ClInclude Include="CVolumeSceneObject.h">
      <Filter>SceneObjects</Filter>
    </ClInclude>
    <ClInclude Include="CWaterSurfaceSceneObject.h">
      <Filter>SceneObjects</Filter>
    </ClInclude>
    <ClInclude Include="CWindowWidget.h">
      <Filter>Widgets</Filter>
    </ClInclude>
    <ClInclude Include="CPointsWindowWidget.h">
      <Filter>Widgets</Filter>
    </ClInclude>
    <ClInclude Include="ColorTable.h" />
    <ClInclude Include="CBathymetryRasterizer.h" />
    <ClInclude Include="UTMtoLatLong.h">
      <Filter>Data Management</Filter>
    </ClInclude>
    <ClInclude Include="spline\CSplineSceneObject.h">
      <Filter>Spline</Filter>
    </ClInclude>
    <ClInclude Include="spline\SSplineNode.h">
      <Filter>Spline</Filter>
    </ClInclude>
    <ClInclude Include="spline\CKeySpline.h">
      <Filter>Spline</Filter>
    </ClInclude>
    <ClInclude Include="CGeometryClipmapsSceneObject.h">
      <Filter>SceneObjects</Filter>
    </ClInclude>
    <ClInclude Include="CToroidalUpdater.h">
      <Filter>SceneObjects</Filter>
    </ClInclude>
    <ClInclude Include="CatalinaOutline.h">
      <Filter>Data</Filter>
    </ClInclude>
  </ItemGroup>
  <ItemGroup>
    <Filter Include="Spline">
      <UniqueIdentifier>{ce7cb6ab-e375-43af-b8ac-7ea54efffd4d}</UniqueIdentifier>
    </Filter>
    <Filter Include="Shark">
      <UniqueIdentifier>{236569cd-3439-4b40-b689-0ed2258a2c34}</UniqueIdentifier>
    </Filter>
    <Filter Include="Widgets">
      <UniqueIdentifier>{1d9096cc-a137-4742-8b7b-9f4493c992c5}</UniqueIdentifier>
    </Filter>
    <Filter Include="SceneObjects">
      <UniqueIdentifier>{d2476ebe-2ff8-44c6-96d8-a2d20c853c09}</UniqueIdentifier>
    </Filter>
    <Filter Include="Data Management">
      <UniqueIdentifier>{ae1ddff5-dfba-4fc9-93b1-1e802c403d29}</UniqueIdentifier>
    </Filter>
    <Filter Include="Data">
      <UniqueIdentifier>{4c12cc30-1c21-4307-bb7d-f1adef08e91e}</UniqueIdentifier>
    </Filter>
  </ItemGroup>
</Project>